# This file is automatically @generated by Cargo.
# It is not intended for manual editing.
[[package]]
name = "wasmparser"
version = "0.57.0"
source = "registry+https://github.com/rust-lang/crates.io-index"
checksum = "32fddd575d477c6e9702484139cf9f23dcd554b06d185ed0f56c857dd3a47aa6"

[[package]]
name = "wimsi"
version = "0.1.0"
dependencies = [
 "wasmparser",
]
